
Microsoft Visual Studio Solution File, Format Version 12.00
# Visual Studio Version 17
VisualStudioVersion = 17.0.31912.275
MinimumVisualStudioVersion = 10.0.40219.1
Project("{FAE04EC0-301F-11D3-BF4B-00C04F79EFBC}") = "Lab_11", "Lab_11\Lab_11.csproj", "{927FE2D2-99C4-4139-AB47-FF7C926139D8}"
EndProject
Global
	GlobalSection(SolutionConfigurationPlatforms) = preSolution
		Debug|Any CPU = Debug|Any CPU
		Release|Any CPU = Release|Any CPU
	EndGlobalSection
	GlobalSection(ProjectConfigurationPlatforms) = postSolution
		{927FE2D2-99C4-4139-AB47-FF7C926139D8}.Debug|Any CPU.ActiveCfg = Debug|Any CPU
		{927FE2D2-99C4-4139-AB47-FF7C926139D8}.Debug|Any CPU.Build.0 = Debug|Any CPU
		{927FE2D2-99C4-4139-AB47-FF7C926139D8}.Release|Any CPU.ActiveCfg = Release|Any CPU
		{927FE2D2-99C4-4139-AB47-FF7C926139D8}.Release|Any CPU.Build.0 = Release|Any CPU
	EndGlobalSection
	GlobalSection(SolutionProperties) = preSolution
		HideSolutionNode = FALSE
	EndGlobalSection
	GlobalSection(ExtensibilityGlobals) = postSolution
		SolutionGuid = {2E30486E-BD49-411F-99C6-4897D894A4C6}
	EndGlobalSection
EndGlobal
